
Microsoft Visual Studio Solution File, Format Version 12.00
# Visual Studio 15
VisualStudioVersion = 15.0.28307.168
MinimumVisualStudioVersion = 10.0.40219.1
Project("{FAE04EC0-301F-11D3-BF4B-00C04F79EFBC}") = "assignment4nd5", "assignment4nd5\assignment4nd5.csproj", "{C57EA285-34F1-41EE-A2E8-7AE86DD82FF4}"
EndProject
Global
	GlobalSection(SolutionConfigurationPlatforms) = preSolution
		Debug|Any CPU = Debug|Any CPU
		Release|Any CPU = Release|Any CPU
	EndGlobalSection
	GlobalSection(ProjectConfigurationPlatforms) = postSolution
		{C57EA285-34F1-41EE-A2E8-7AE86DD82FF4}.Debug|Any CPU.ActiveCfg = Debug|Any CPU
		{C57EA285-34F1-41EE-A2E8-7AE86DD82FF4}.Debug|Any CPU.Build.0 = Debug|Any CPU
		{C57EA285-34F1-41EE-A2E8-7AE86DD82FF4}.Release|Any CPU.ActiveCfg = Release|Any CPU
		{C57EA285-34F1-41EE-A2E8-7AE86DD82FF4}.Release|Any CPU.Build.0 = Release|Any CPU
	EndGlobalSection
	GlobalSection(SolutionProperties) = preSolution
		HideSolutionNode = FALSE
	EndGlobalSection
	GlobalSection(ExtensibilityGlobals) = postSolution
		SolutionGuid = {5ED39FEC-D553-429C-A00C-B38BEFC1CC9B}
	EndGlobalSection
EndGlobal
